// !$*UTF8*$!
{
	archiveVersion = 1;
	classes = {
	};
	objectVersion = 55;
	objects = {

/* Begin PBXBuildFile section */
		DC080AEF2819A67800C25C91 /* APICaller.swift in Sources */ = {isa = PBXBuildFile; fileRef = DC080AEE2819A67800C25C91 /* APICaller.swift */; };
		DC080AF1281A3E1300C25C91 /* Movie.swift in Sources */ = {isa = PBXBuildFile; fileRef = DC080AF0281A3E1300C25C91 /* Movie.swift */; };
		DC080AF3281A585000C25C91 /* Extensions.swift in Sources */ = {isa = PBXBuildFile; fileRef = DC080AF2281A585000C25C91 /* Extensions.swift */; };
		DC48B28C2805C85F00D11988 /* AppDelegate.swift in Sources */ = {isa = PBXBuildFile; fileRef = DC48B28B2805C85F00D11988 /* AppDelegate.swift */; };
		DC48B28E2805C85F00D11988 /* SceneDelegate.swift in Sources */ = {isa = PBXBuildFile; fileRef = DC48B28D2805C85F00D11988 /* SceneDelegate.swift */; };
		DC48B2902805C85F00D11988 /* MainTabBarViewController.swift in Sources */ = {isa = PBXBuildFile; fileRef = DC48B28F2805C85F00D11988 /* MainTabBarViewController.swift */; };
		DC48B2952805C86000D11988 /* Assets.xcassets in Resources */ = {isa = PBXBuildFile; fileRef = DC48B2942805C86000D11988 /* Assets.xcassets */; };
		DC48B2982805C86000D11988 /* LaunchScreen.storyboard in Resources */ = {isa = PBXBuildFile; fileRef = DC48B2962805C86000D11988 /* LaunchScreen.storyboard */; };
		DCB15CAA28071D1000449BCC /* HomeViewController.swift in Sources */ = {isa = PBXBuildFile; fileRef = DCB15CA928071D1000449BCC /* HomeViewController.swift */; };
		DCB15CAC28071D2300449BCC /* UpcomingViewController.swift in Sources */ = {isa = PBXBuildFile; fileRef = DCB15CAB28071D2300449BCC /* UpcomingViewController.swift */; };
		DCB15CAE28071D3100449BCC /* SearchViewController.swift in Sources */ = {isa = PBXBuildFile; fileRef = DCB15CAD28071D3100449BCC /* SearchViewController.swift */; };
		DCB15CB028071D4700449BCC /* DownloadsViewController.swift in Sources */ = {isa = PBXBuildFile; fileRef = DCB15CAF28071D4700449BCC /* DownloadsViewController.swift */; };
		DCB15CB728088ABC00449BCC /* CollectionViewTableViewCell.swift in Sources */ = {isa = PBXBuildFile; fileRef = DCB15CB628088ABC00449BCC /* CollectionViewTableViewCell.swift */; };
		DCB15CF92815B62300449BCC /* HeroHeaderUIView.swift in Sources */ = {isa = PBXBuildFile; fileRef = DCB15CF82815B62300449BCC /* HeroHeaderUIView.swift */; };
		DCD927572816AA290066F987 /* UIImage+Extension.swift in Sources */ = {isa = PBXBuildFile; fileRef = DCD927562816AA290066F987 /* UIImage+Extension.swift */; };
/* End PBXBuildFile section */

/* Begin PBXFileReference section */
		DC080AEE2819A67800C25C91 /* APICaller.swift */ = {isa = PBXFileReference; lastKnownFileType = sourcecode.swift; path = APICaller.swift; sourceTree = "<group>"; };
		DC080AF0281A3E1300C25C91 /* Movie.swift */ = {isa = PBXFileReference; lastKnownFileType = sourcecode.swift; path = Movie.swift; sourceTree = "<group>"; };
		DC080AF2281A585000C25C91 /* Extensions.swift */ = {isa = PBXFileReference; lastKnownFileType = sourcecode.swift; path = Extensions.swift; sourceTree = "<group>"; };
		DC48B2882805C85F00D11988 /* iOS15-UiKit-netflix-clone.app */ = {isa = PBXFileReference; explicitFileType = wrapper.application; includeInIndex = 0; path = "iOS15-UiKit-netflix-clone.app"; sourceTree = BUILT_PRODUCTS_DIR; };
		DC48B28B2805C85F00D11988 /* AppDelegate.swift */ = {isa = PBXFileReference; lastKnownFileType = sourcecode.swift; path = AppDelegate.swift; sourceTree = "<group>"; };
		DC48B28D2805C85F00D11988 /* SceneDelegate.swift */ = {isa = PBXFileReference; lastKnownFileType = sourcecode.swift; path = SceneDelegate.swift; sourceTree = "<group>"; };
		DC48B28F2805C85F00D11988 /* MainTabBarViewController.swift */ = {isa = PBXFileReference; lastKnownFileType = sourcecode.swift; path = MainTabBarViewController.swift; sourceTree = "<group>"; };
		DC48B2942805C86000D11988 /* Assets.xcassets */ = {isa = PBXFileReference; lastKnownFileType = folder.assetcatalog; path = Assets.xcassets; sourceTree = "<group>"; };
		DC48B2972805C86000D11988 /* Base */ = {isa = PBXFileReference; lastKnownFileType = file.storyboard; name = Base; path = Base.lproj/LaunchScreen.storyboard; sourceTree = "<group>"; };
		DC48B2992805C86000D11988 /* Info.plist */ = {isa = PBXFileReference; lastKnownFileType = text.plist.xml; path = Info.plist; sourceTree = "<group>"; };
		DCB15CA928071D1000449BCC /* HomeViewController.swift */ = {isa = PBXFileReference; lastKnownFileType = sourcecode.swift; path = HomeViewController.swift; sourceTree = "<group>"; };
		DCB15CAB28071D2300449BCC /* UpcomingViewController.swift */ = {isa = PBXFileReference; lastKnownFileType = sourcecode.swift; path = UpcomingViewController.swift; sourceTree = "<group>"; };
		DCB15CAD28071D3100449BCC /* SearchViewController.swift */ = {isa = PBXFileReference; lastKnownFileType = sourcecode.swift; path = SearchViewController.swift; sourceTree = "<group>"; };
		DCB15CAF28071D4700449BCC /* DownloadsViewController.swift */ = {isa = PBXFileReference; lastKnownFileType = sourcecode.swift; path = DownloadsViewController.swift; sourceTree = "<group>"; };
		DCB15CB628088ABC00449BCC /* CollectionViewTableViewCell.swift */ = {isa = PBXFileReference; lastKnownFileType = sourcecode.swift; path = CollectionViewTableViewCell.swift; sourceTree = "<group>"; };
		DCB15CF82815B62300449BCC /* HeroHeaderUIView.swift */ = {isa = PBXFileReference; lastKnownFileType = sourcecode.swift; path = HeroHeaderUIView.swift; sourceTree = "<group>"; };
		DCD927562816AA290066F987 /* UIImage+Extension.swift */ = {isa = PBXFileReference; lastKnownFileType = sourcecode.swift; path = "UIImage+Extension.swift"; sourceTree = "<group>"; };
/* End PBXFileReference section */

/* Begin PBXFrameworksBuildPhase section */
		DC48B2852805C85F00D11988 /* Frameworks */ = {
			isa = PBXFrameworksBuildPhase;
			buildActionMask = 2147483647;
			files = (
			);
			runOnlyForDeploymentPostprocessing = 0;
		};
/* End PBXFrameworksBuildPhase section */

/* Begin PBXGroup section */
		DC48B27F2805C85F00D11988 = {
			isa = PBXGroup;
			children = (
				DC48B28A2805C85F00D11988 /* iOS15-UiKit-netflix-clone */,
				DC48B2892805C85F00D11988 /* Products */,
			);
			sourceTree = "<group>";
		};
		DC48B2892805C85F00D11988 /* Products */ = {
			isa = PBXGroup;
			children = (
				DC48B2882805C85F00D11988 /* iOS15-UiKit-netflix-clone.app */,
			);
			name = Products;
			sourceTree = "<group>";
		};
		DC48B28A2805C85F00D11988 /* iOS15-UiKit-netflix-clone */ = {
			isa = PBXGroup;
			children = (
				DCD927552816AA0D0066F987 /* Extension */,
				DCB15CB528088A9500449BCC /* Managers */,
				DCB15CB428088A8D00449BCC /* Resources */,
				DCB15CB328088A7500449BCC /* Models */,
				DCB15CB228088A6D00449BCC /* ViewModels */,
				DCB15CB128088A6800449BCC /* Views */,
				DCB15CA828071CF400449BCC /* Controllers */,
				DC48B28B2805C85F00D11988 /* AppDelegate.swift */,
				DC48B28D2805C85F00D11988 /* SceneDelegate.swift */,
				DC48B28F2805C85F00D11988 /* MainTabBarViewController.swift */,
				DC48B2942805C86000D11988 /* Assets.xcassets */,
				DC48B2962805C86000D11988 /* LaunchScreen.storyboard */,
				DC48B2992805C86000D11988 /* Info.plist */,
			);
			path = "iOS15-UiKit-netflix-clone";
			sourceTree = "<group>";
		};
		DCB15CA828071CF400449BCC /* Controllers */ = {
			isa = PBXGroup;
			children = (
				DCB15CA928071D1000449BCC /* HomeViewController.swift */,
				DCB15CAB28071D2300449BCC /* UpcomingViewController.swift */,
				DCB15CAD28071D3100449BCC /* SearchViewController.swift */,
				DCB15CAF28071D4700449BCC /* DownloadsViewController.swift */,
			);
			path = Controllers;
			sourceTree = "<group>";
		};
		DCB15CB128088A6800449BCC /* Views */ = {
			isa = PBXGroup;
			children = (
				DCB15CB628088ABC00449BCC /* CollectionViewTableViewCell.swift */,
				DCB15CF82815B62300449BCC /* HeroHeaderUIView.swift */,
			);
			path = Views;
			sourceTree = "<group>";
		};
		DCB15CB228088A6D00449BCC /* ViewModels */ = {
			isa = PBXGroup;
			children = (
			);
			path = ViewModels;
			sourceTree = "<group>";
		};
		DCB15CB328088A7500449BCC /* Models */ = {
			isa = PBXGroup;
			children = (
				DC080AF0281A3E1300C25C91 /* Movie.swift */,
			);
			path = Models;
			sourceTree = "<group>";
		};
		DCB15CB428088A8D00449BCC /* Resources */ = {
			isa = PBXGroup;
			children = (
				DC080AF2281A585000C25C91 /* Extensions.swift */,
			);
			path = Resources;
			sourceTree = "<group>";
		};
		DCB15CB528088A9500449BCC /* Managers */ = {
			isa = PBXGroup;
			children = (
				DC080AEE2819A67800C25C91 /* APICaller.swift */,
			);
			path = Managers;
			sourceTree = "<group>";
		};
		DCD927552816AA0D0066F987 /* Extension */ = {
			isa = PBXGroup;
			children = (
				DCD927562816AA290066F987 /* UIImage+Extension.swift */,
			);
			path = Extension;
			sourceTree = "<group>";
		};
/* End PBXGroup section */

/* Begin PBXNativeTarget section */
		DC48B2872805C85F00D11988 /* iOS15-UiKit-netflix-clone */ = {
			isa = PBXNativeTarget;
			buildConfigurationList = DC48B29C2805C86000D11988 /* Build configuration list for PBXNativeTarget "iOS15-UiKit-netflix-clone" */;
			buildPhases = (
				DC48B2842805C85F00D11988 /* Sources */,
				DC48B2852805C85F00D11988 /* Frameworks */,
				DC48B2862805C85F00D11988 /* Resources */,
			);
			buildRules = (
			);
			dependencies = (
			);
			name = "iOS15-UiKit-netflix-clone";
			productName = "iOS15-UiKit-netflix-clone";
			productReference = DC48B2882805C85F00D11988 /* iOS15-UiKit-netflix-clone.app */;
			productType = "com.apple.product-type.application";
		};
/* End PBXNativeTarget section */

/* Begin PBXProject section */
		DC48B2802805C85F00D11988 /* Project object */ = {
			isa = PBXProject;
			attributes = {
				BuildIndependentTargetsInParallel = 1;
				LastSwiftUpdateCheck = 1330;
				LastUpgradeCheck = 1330;
				TargetAttributes = {
					DC48B2872805C85F00D11988 = {
						CreatedOnToolsVersion = 13.3.1;
					};
				};
			};
			buildConfigurationList = DC48B2832805C85F00D11988 /* Build configuration list for PBXProject "iOS15-UiKit-netflix-clone" */;
			compatibilityVersion = "Xcode 13.0";
			developmentRegion = en;
			hasScannedForEncodings = 0;
			knownRegions = (
				en,
				Base,
			);
			mainGroup = DC48B27F2805C85F00D11988;
			productRefGroup = DC48B2892805C85F00D11988 /* Products */;
			projectDirPath = "";
			projectRoot = "";
			targets = (
				DC48B2872805C85F00D11988 /* iOS15-UiKit-netflix-clone */,
			);
		};
/* End PBXProject section */

/* Begin PBXResourcesBuildPhase section */
		DC48B2862805C85F00D11988 /* Resources */ = {
			isa = PBXResourcesBuildPhase;
			buildActionMask = 2147483647;
			files = (
				DC48B2982805C86000D11988 /* LaunchScreen.storyboard in Resources */,
				DC48B2952805C86000D11988 /* Assets.xcassets in Resources */,
			);
			runOnlyForDeploymentPostprocessing = 0;
		};
/* End PBXResourcesBuildPhase section */

/* Begin PBXSourcesBuildPhase section */
		DC48B2842805C85F00D11988 /* Sources */ = {
			isa = PBXSourcesBuildPhase;
			buildActionMask = 2147483647;
			files = (
				DCB15CAE28071D3100449BCC /* SearchViewController.swift in Sources */,
				DC48B2902805C85F00D11988 /* MainTabBarViewController.swift in Sources */,
				DC080AF1281A3E1300C25C91 /* Movie.swift in Sources */,
				DCB15CF92815B62300449BCC /* HeroHeaderUIView.swift in Sources */,
				DCB15CB728088ABC00449BCC /* CollectionViewTableViewCell.swift in Sources */,
				DCB15CB028071D4700449BCC /* DownloadsViewController.swift in Sources */,
				DC48B28C2805C85F00D11988 /* AppDelegate.swift in Sources */,
				DC48B28E2805C85F00D11988 /* SceneDelegate.swift in Sources */,
				DC080AF3281A585000C25C91 /* Extensions.swift in Sources */,
				DCD927572816AA290066F987 /* UIImage+Extension.swift in Sources */,
				DC080AEF2819A67800C25C91 /* APICaller.swift in Sources */,
				DCB15CAC28071D2300449BCC /* UpcomingViewController.swift in Sources */,
				DCB15CAA28071D1000449BCC /* HomeViewController.swift in Sources */,
			);
			runOnlyForDeploymentPostprocessing = 0;
		};
/* End PBXSourcesBuildPhase section */

/* Begin PBXVariantGroup section */
		DC48B2962805C86000D11988 /* LaunchScreen.storyboard */ = {
			isa = PBXVariantGroup;
			children = (
				DC48B2972805C86000D11988 /* Base */,
			);
			name = LaunchScreen.storyboard;
			sourceTree = "<group>";
		};
/* End PBXVariantGroup section */

/* Begin XCBuildConfiguration section */
		DC48B29A2805C86000D11988 /* Debug */ = {
			isa = XCBuildConfiguration;
			buildSettings = {
				ALWAYS_SEARCH_USER_PATHS = NO;
				CLANG_ANALYZER_NONNULL = YES;
				CLANG_ANALYZER_NUMBER_OBJECT_CONVERSION = YES_AGGRESSIVE;
				CLANG_CXX_LANGUAGE_STANDARD = "gnu++17";
				CLANG_ENABLE_MODULES = YES;
				CLANG_ENABLE_OBJC_ARC = YES;
				CLANG_ENABLE_OBJC_WEAK = YES;
				CLANG_WARN_BLOCK_CAPTURE_AUTORELEASING = YES;
				CLANG_WARN_BOOL_CONVERSION = YES;
				CLANG_WARN_COMMA = YES;
				CLANG_WARN_CONSTANT_CONVERSION = YES;
				CLANG_WARN_DEPRECATED_OBJC_IMPLEMENTATIONS = YES;
				CLANG_WARN_DIRECT_OBJC_ISA_USAGE = YES_ERROR;
				CLANG_WARN_DOCUMENTATION_COMMENTS = YES;
				CLANG_WARN_EMPTY_BODY = YES;
				CLANG_WARN_ENUM_CONVERSION = YES;
				CLANG_WARN_INFINITE_RECURSION = YES;
				CLANG_WARN_INT_CONVERSION = YES;
				CLANG_WARN_NON_LITERAL_NULL_CONVERSION = YES;
				CLANG_WARN_OBJC_IMPLICIT_RETAIN_SELF = YES;
				CLANG_WARN_OBJC_LITERAL_CONVERSION = YES;
				CLANG_WARN_OBJC_ROOT_CLASS = YES_ERROR;
				CLANG_WARN_QUOTED_INCLUDE_IN_FRAMEWORK_HEADER = YES;
				CLANG_WARN_RANGE_LOOP_ANALYSIS = YES;
				CLANG_WARN_STRICT_PROTOTYPES = YES;
				CLANG_WARN_SUSPICIOUS_MOVE = YES;
				CLANG_WARN_UNGUARDED_AVAILABILITY = YES_AGGRESSIVE;
				CLANG_WARN_UNREACHABLE_CODE = YES;
				CLANG_WARN__DUPLICATE_METHOD_MATCH = YES;
				COPY_PHASE_STRIP = NO;
				DEBUG_INFORMATION_FORMAT = dwarf;
				ENABLE_STRICT_OBJC_MSGSEND = YES;
				ENABLE_TESTABILITY = YES;
				GCC_C_LANGUAGE_STANDARD = gnu11;
				GCC_DYNAMIC_NO_PIC = NO;
				GCC_NO_COMMON_BLOCKS = YES;
				GCC_OPTIMIZATION_LEVEL = 0;
				GCC_PREPROCESSOR_DEFINITIONS = (
					"DEBUG=1",
					"$(inherited)",
				);
				GCC_WARN_64_TO_32_BIT_CONVERSION = YES;
				GCC_WARN_ABOUT_RETURN_TYPE = YES_ERROR;
				GCC_WARN_UNDECLARED_SELECTOR = YES;
				GCC_WARN_UNINITIALIZED_AUTOS = YES_AGGRESSIVE;
				GCC_WARN_UNUSED_FUNCTION = YES;
				GCC_WARN_UNUSED_VARIABLE = YES;
				IPHONEOS_DEPLOYMENT_TARGET = 15.4;
				MTL_ENABLE_DEBUG_INFO = INCLUDE_SOURCE;
				MTL_FAST_MATH = YES;
				ONLY_ACTIVE_ARCH = YES;
				SDKROOT = iphoneos;
				SWIFT_ACTIVE_COMPILATION_CONDITIONS = DEBUG;
				SWIFT_OPTIMIZATION_LEVEL = "-Onone";
			};
			name = Debug;
		};
		DC48B29B2805C86000D11988 /* Release */ = {
			isa = XCBuildConfiguration;
			buildSettings = {
				ALWAYS_SEARCH_USER_PATHS = NO;
				CLANG_ANALYZER_NONNULL = YES;
				CLANG_ANALYZER_NUMBER_OBJECT_CONVERSION = YES_AGGRESSIVE;
				CLANG_CXX_LANGUAGE_STANDARD = "gnu++17";
				CLANG_ENABLE_MODULES = YES;
				CLANG_ENABLE_OBJC_ARC = YES;
				CLANG_ENABLE_OBJC_WEAK = YES;
				CLANG_WARN_BLOCK_CAPTURE_AUTORELEASING = YES;
				CLANG_WARN_BOOL_CONVERSION = YES;
				CLANG_WARN_COMMA = YES;
				CLANG_WARN_CONSTANT_CONVERSION = YES;
				CLANG_WARN_DEPRECATED_OBJC_IMPLEMENTATIONS = YES;
				CLANG_WARN_DIRECT_OBJC_ISA_USAGE = YES_ERROR;
				CLANG_WARN_DOCUMENTATION_COMMENTS = YES;
				CLANG_WARN_EMPTY_BODY = YES;
				CLANG_WARN_ENUM_CONVERSION = YES;
				CLANG_WARN_INFINITE_RECURSION = YES;
				CLANG_WARN_INT_CONVERSION = YES;
				CLANG_WARN_NON_LITERAL_NULL_CONVERSION = YES;
				CLANG_WARN_OBJC_IMPLICIT_RETAIN_SELF = YES;
				CLANG_WARN_OBJC_LITERAL_CONVERSION = YES;
				CLANG_WARN_OBJC_ROOT_CLASS = YES_ERROR;
				CLANG_WARN_QUOTED_INCLUDE_IN_FRAMEWORK_HEADER = YES;
				CLANG_WARN_RANGE_LOOP_ANALYSIS = YES;
				CLANG_WARN_STRICT_PROTOTYPES = YES;
				CLANG_WARN_SUSPICIOUS_MOVE = YES;
				CLANG_WARN_UNGUARDED_AVAILABILITY = YES_AGGRESSIVE;
				CLANG_WARN_UNREACHABLE_CODE = YES;
				CLANG_WARN__DUPLICATE_METHOD_MATCH = YES;
				COPY_PHASE_STRIP = NO;
				DEBUG_INFORMATION_FORMAT = "dwarf-with-dsym";
				ENABLE_NS_ASSERTIONS = NO;
				ENABLE_STRICT_OBJC_MSGSEND = YES;
				GCC_C_LANGUAGE_STANDARD = gnu11;
				GCC_NO_COMMON_BLOCKS = YES;
				GCC_WARN_64_TO_32_BIT_CONVERSION = YES;
				GCC_WARN_ABOUT_RETURN_TYPE = YES_ERROR;
				GCC_WARN_UNDECLARED_SELECTOR = YES;
				GCC_WARN_UNINITIALIZED_AUTOS = YES_AGGRESSIVE;
				GCC_WARN_UNUSED_FUNCTION = YES;
				GCC_WARN_UNUSED_VARIABLE = YES;
				IPHONEOS_DEPLOYMENT_TARGET = 15.4;
				MTL_ENABLE_DEBUG_INFO = NO;
				MTL_FAST_MATH = YES;
				SDKROOT = iphoneos;
				SWIFT_COMPILATION_MODE = wholemodule;
				SWIFT_OPTIMIZATION_LEVEL = "-O";
				VALIDATE_PRODUCT = YES;
			};
			name = Release;
		};
		DC48B29D2805C86000D11988 /* Debug */ = {
			isa = XCBuildConfiguration;
			buildSettings = {
				ASSETCATALOG_COMPILER_APPICON_NAME = AppIcon;
				ASSETCATALOG_COMPILER_GLOBAL_ACCENT_COLOR_NAME = AccentColor;
				CODE_SIGN_STYLE = Automatic;
				CURRENT_PROJECT_VERSION = 1;
				DEVELOPMENT_TEAM = 9786TSAYF2;
				GENERATE_INFOPLIST_FILE = YES;
				INFOPLIST_FILE = "iOS15-UiKit-netflix-clone/Info.plist";
				INFOPLIST_KEY_UIApplicationSupportsIndirectInputEvents = YES;
				INFOPLIST_KEY_UILaunchStoryboardName = LaunchScreen;
				INFOPLIST_KEY_UISupportedInterfaceOrientations_iPad = "UIInterfaceOrientationPortrait UIInterfaceOrientationPortraitUpsideDown UIInterfaceOrientationLandscapeLeft UIInterfaceOrientationLandscapeRight";
				INFOPLIST_KEY_UISupportedInterfaceOrientations_iPhone = "UIInterfaceOrientationPortrait UIInterfaceOrientationLandscapeLeft UIInterfaceOrientationLandscapeRight";
				IPHONEOS_DEPLOYMENT_TARGET = 15.0;
				LD_RUNPATH_SEARCH_PATHS = (
					"$(inherited)",
					"@executable_path/Frameworks",
				);
				MARKETING_VERSION = 1.0;
				PRODUCT_BUNDLE_IDENTIFIER = "Kamonpan.iOS15-UiKit-netflix-clone";
				PRODUCT_NAME = "$(TARGET_NAME)";
				SWIFT_EMIT_LOC_STRINGS = YES;
				SWIFT_VERSION = 5.0;
				TARGETED_DEVICE_FAMILY = "1,2";
			};
			name = Debug;
		};
		DC48B29E2805C86000D11988 /* Release */ = {
			isa = XCBuildConfiguration;
			buildSettings = {
				ASSETCATALOG_COMPILER_APPICON_NAME = AppIcon;
				ASSETCATALOG_COMPILER_GLOBAL_ACCENT_COLOR_NAME = AccentColor;
				CODE_SIGN_STYLE = Automatic;
				CURRENT_PROJECT_VERSION = 1;
				DEVELOPMENT_TEAM = 9786TSAYF2;
				GENERATE_INFOPLIST_FILE = YES;
				INFOPLIST_FILE = "iOS15-UiKit-netflix-clone/Info.plist";
				INFOPLIST_KEY_UIApplicationSupportsIndirectInputEvents = YES;
				INFOPLIST_KEY_UILaunchStoryboardName = LaunchScreen;
				INFOPLIST_KEY_UISupportedInterfaceOrientations_iPad = "UIInterfaceOrientationPortrait UIInterfaceOrientationPortraitUpsideDown UIInterfaceOrientationLandscapeLeft UIInterfaceOrientationLandscapeRight";
				INFOPLIST_KEY_UISupportedInterfaceOrientations_iPhone = "UIInterfaceOrientationPortrait UIInterfaceOrientationLandscapeLeft UIInterfaceOrientationLandscapeRight";
				IPHONEOS_DEPLOYMENT_TARGET = 15.0;
				LD_RUNPATH_SEARCH_PATHS = (
					"$(inherited)",
					"@executable_path/Frameworks",
				);
				MARKETING_VERSION = 1.0;
				PRODUCT_BUNDLE_IDENTIFIER = "Kamonpan.iOS15-UiKit-netflix-clone";
				PRODUCT_NAME = "$(TARGET_NAME)";
				SWIFT_EMIT_LOC_STRINGS = YES;
				SWIFT_VERSION = 5.0;
				TARGETED_DEVICE_FAMILY = "1,2";
			};
			name = Release;
		};
/* End XCBuildConfiguration section */

/* Begin XCConfigurationList section */
		DC48B2832805C85F00D11988 /* Build configuration list for PBXProject "iOS15-UiKit-netflix-clone" */ = {
			isa = XCConfigurationList;
			buildConfigurations = (
				DC48B29A2805C86000D11988 /* Debug */,
				DC48B29B2805C86000D11988 /* Release */,
			);
			defaultConfigurationIsVisible = 0;
			defaultConfigurationName = Release;
		};
		DC48B29C2805C86000D11988 /* Build configuration list for PBXNativeTarget "iOS15-UiKit-netflix-clone" */ = {
			isa = XCConfigurationList;
			buildConfigurations = (
				DC48B29D2805C86000D11988 /* Debug */,
				DC48B29E2805C86000D11988 /* Release */,
			);
			defaultConfigurationIsVisible = 0;
			defaultConfigurationName = Release;
		};
/* End XCConfigurationList section */
	};
	rootObject = DC48B2802805C85F00D11988 /* Project object */;
}
